# THIS IS AN AUTOGENERATED FILE. DO NOT EDIT THIS FILE DIRECTLY.
# yarn lockfile v1


bootstrap@4, bootstrap@^4.6.1:
  version "4.6.1"
  resolved "https://registry.yarnpkg.com/bootstrap/-/bootstrap-4.6.1.tgz#bc25380c2c14192374e8dec07cf01b2742d222a2"
  integrity sha512-0dj+VgI9Ecom+rvvpNZ4MUZJz8dcX7WCX+eTID9+/8HgOkv3dsRzi8BGeZJCQU6flWQVYxwTQnEZFrmJSEO7og==

jquery@2.1.1:
  version "2.1.1"
  resolved "https://registry.yarnpkg.com/jquery/-/jquery-2.1.1.tgz#828fc60f50f7ee5983363ef4eb01c5f70af4bd5b"
  integrity sha512-y+iOyLV9My82vtN1cc96DLlklSv15h5Jjug52TK+vXmgtN/dE89WvmP1W/g7lL+RWFzdsTmBwJgX/yf4RY9mPA==

jquery@^3.6.0:
  version "3.6.0"
  resolved "https://registry.yarnpkg.com/jquery/-/jquery-3.6.0.tgz#c72a09f15c1bdce142f49dbf1170bdf8adac2470"
  integrity sha512-JVzAR/AjBvVt2BmYhxRCSYysDsPcssdmTFnzyLEts9qNwmjmu4JTAMYubEfwVOSwpQ1I1sKKFcxhZCI2buerfw==

moment-timezone@^0.5.34:
  version "0.5.34"
  resolved "https://registry.yarnpkg.com/moment-timezone/-/moment-timezone-0.5.34.tgz#a75938f7476b88f155d3504a9343f7519d9a405c"
  integrity sha512-3zAEHh2hKUs3EXLESx/wsgw6IQdusOT8Bxm3D9UrHPQR7zlMmzwybC8zHEM1tQ4LJwP7fcxrWr8tuBg05fFCbg==
  dependencies:
    moment ">= 2.9.0"

moment@2.18.1:
  version "2.18.1"
  resolved "https://registry.yarnpkg.com/moment/-/moment-2.18.1.tgz#c36193dd3ce1c2eed2adb7c802dbbc77a81b1c0f"
  integrity sha512-QGcnVKRSEhbWy2i0pqFhjWMCczL/YU5ICMB3maUavFcyUqBszRnzsswvOaGOqSfWZ/R+dMnb9gGBuRT4LMTdVQ==

"moment@>= 2.9.0", moment@^2.29.2, moment@~2.29.2:
  version "2.29.3"
  resolved "https://registry.yarnpkg.com/moment/-/moment-2.29.3.tgz#edd47411c322413999f7a5940d526de183c031f3"
  integrity sha512-c6YRvhEo//6T2Jz/vVtYzqBzwvPT95JBQ+smCytzf7c50oMZRsR/a4w88aD34I+/QVSfnoAnSBFPJHItlOMJVw==

popper.js@^1.16.1:
  version "1.16.1"
  resolved "https://registry.yarnpkg.com/popper.js/-/popper.js-1.16.1.tgz#2a223cb3dc7b6213d740e40372be40de43e65b1b"
  integrity sha512-Wb4p1J4zyFTbM+u6WuO4XstYx4Ky9Cewe4DWrel7B0w6VVICvPwdOpotjzcf6eD8TsckVnIMNONQyPIUFOUbCQ==

tempusdominus-bootstrap-4@^5.39.2:
  version "5.39.2"
  resolved "https://registry.yarnpkg.com/tempusdominus-bootstrap-4/-/tempusdominus-bootstrap-4-5.39.2.tgz#f8f12194287eb6f159e9b9d94a441abb54daf94d"
  integrity sha512-8Au4miSAsMGdsElPg87EUmsN7aGJFaRA5Y8Ale7dDTfhhnQL1Za53LclIJkq+t/7NO5+Ufr1jY7tmEPvWGHaVg==
  dependencies:
    bootstrap "^4.6.1"
    jquery "^3.6.0"
    moment "^2.29.2"
    moment-timezone "^0.5.34"
    popper.js "^1.16.1"

tempusdominus-core@^5.19.3:
  version "5.19.3"
  resolved "https://registry.yarnpkg.com/tempusdominus-core/-/tempusdominus-core-5.19.3.tgz#7dba3e9d40f9d9753b92361619532425813c40b8"
  integrity sha512-WXBVXcBG/hErB6u9gdUs+vzANvCU1kd1ykzL4kolPB3h1OEv20OKUW5qz1iynxyqRFPa1NWY9gwRu5d+MjXEuQ==
  dependencies:
    jquery "^3.6.0"
    moment "~2.29.2"
    moment-timezone "^0.5.34"
